
Microsoft Visual Studio Solution File, Format Version 12.00
# Visual Studio 15
VisualStudioVersion = 15.0.27004.2009
MinimumVisualStudioVersion = 10.0.40219.1
Project("{8BC9CEB8-8B4A-11D0-8D11-00A0C91BC942}") = "8.4", "8.4\8.4.vcxproj", "{C0A53EC1-B3B0-4506-97A2-F9D207546287}"
EndProject
Global
	GlobalSection(SolutionConfigurationPlatforms) = preSolution
		Debug|x64 = Debug|x64
		Debug|x86 = Debug|x86
		Release|x64 = Release|x64
		Release|x86 = Release|x86
	EndGlobalSection
	GlobalSection(ProjectConfigurationPlatforms) = postSolution
		{C0A53EC1-B3B0-4506-97A2-F9D207546287}.Debug|x64.ActiveCfg = Debug|x64
		{C0A53EC1-B3B0-4506-97A2-F9D207546287}.Debug|x64.Build.0 = Debug|x64
		{C0A53EC1-B3B0-4506-97A2-F9D207546287}.Debug|x86.ActiveCfg = Debug|Win32
		{C0A53EC1-B3B0-4506-97A2-F9D207546287}.Debug|x86.Build.0 = Debug|Win32
		{C0A53EC1-B3B0-4506-97A2-F9D207546287}.Release|x64.ActiveCfg = Release|x64
		{C0A53EC1-B3B0-4506-97A2-F9D207546287}.Release|x64.Build.0 = Release|x64
		{C0A53EC1-B3B0-4506-97A2-F9D207546287}.Release|x86.ActiveCfg = Release|Win32
		{C0A53EC1-B3B0-4506-97A2-F9D207546287}.Release|x86.Build.0 = Release|Win32
	EndGlobalSection
	GlobalSection(SolutionProperties) = preSolution
		HideSolutionNode = FALSE
	EndGlobalSection
	GlobalSection(ExtensibilityGlobals) = postSolution
		SolutionGuid = {BD0C86A1-378D-4634-8101-25A5B9D4119F}
	EndGlobalSection
EndGlobal
