
Microsoft Visual Studio Solution File, Format Version 12.00
# Visual Studio 15
VisualStudioVersion = 15.0.27130.2003
MinimumVisualStudioVersion = 10.0.40219.1
Project("{8BC9CEB8-8B4A-11D0-8D11-00A0C91BC942}") = "4.5", "4.5\4.5.vcxproj", "{B55D1013-E682-42E6-A306-53C7ACB8F5B5}"
EndProject
Global
	GlobalSection(SolutionConfigurationPlatforms) = preSolution
		Debug|x64 = Debug|x64
		Debug|x86 = Debug|x86
		Release|x64 = Release|x64
		Release|x86 = Release|x86
	EndGlobalSection
	GlobalSection(ProjectConfigurationPlatforms) = postSolution
		{B55D1013-E682-42E6-A306-53C7ACB8F5B5}.Debug|x64.ActiveCfg = Debug|x64
		{B55D1013-E682-42E6-A306-53C7ACB8F5B5}.Debug|x64.Build.0 = Debug|x64
		{B55D1013-E682-42E6-A306-53C7ACB8F5B5}.Debug|x86.ActiveCfg = Debug|Win32
		{B55D1013-E682-42E6-A306-53C7ACB8F5B5}.Debug|x86.Build.0 = Debug|Win32
		{B55D1013-E682-42E6-A306-53C7ACB8F5B5}.Release|x64.ActiveCfg = Release|x64
		{B55D1013-E682-42E6-A306-53C7ACB8F5B5}.Release|x64.Build.0 = Release|x64
		{B55D1013-E682-42E6-A306-53C7ACB8F5B5}.Release|x86.ActiveCfg = Release|Win32
		{B55D1013-E682-42E6-A306-53C7ACB8F5B5}.Release|x86.Build.0 = Release|Win32
	EndGlobalSection
	GlobalSection(SolutionProperties) = preSolution
		HideSolutionNode = FALSE
	EndGlobalSection
	GlobalSection(ExtensibilityGlobals) = postSolution
		SolutionGuid = {AF2C6BCE-A83E-42AD-AE62-A6C4694FF419}
	EndGlobalSection
EndGlobal
