
Microsoft Visual Studio Solution File, Format Version 12.00
# Visual Studio 15
VisualStudioVersion = 15.0.27130.2003
MinimumVisualStudioVersion = 10.0.40219.1
Project("{8BC9CEB8-8B4A-11D0-8D11-00A0C91BC942}") = "6.1", "6.1\6.1.vcxproj", "{111C0C35-8999-4990-9A4A-1FB0F2B1064D}"
EndProject
Global
	GlobalSection(SolutionConfigurationPlatforms) = preSolution
		Debug|x64 = Debug|x64
		Debug|x86 = Debug|x86
		Release|x64 = Release|x64
		Release|x86 = Release|x86
	EndGlobalSection
	GlobalSection(ProjectConfigurationPlatforms) = postSolution
		{111C0C35-8999-4990-9A4A-1FB0F2B1064D}.Debug|x64.ActiveCfg = Debug|x64
		{111C0C35-8999-4990-9A4A-1FB0F2B1064D}.Debug|x64.Build.0 = Debug|x64
		{111C0C35-8999-4990-9A4A-1FB0F2B1064D}.Debug|x86.ActiveCfg = Debug|Win32
		{111C0C35-8999-4990-9A4A-1FB0F2B1064D}.Debug|x86.Build.0 = Debug|Win32
		{111C0C35-8999-4990-9A4A-1FB0F2B1064D}.Release|x64.ActiveCfg = Release|x64
		{111C0C35-8999-4990-9A4A-1FB0F2B1064D}.Release|x64.Build.0 = Release|x64
		{111C0C35-8999-4990-9A4A-1FB0F2B1064D}.Release|x86.ActiveCfg = Release|Win32
		{111C0C35-8999-4990-9A4A-1FB0F2B1064D}.Release|x86.Build.0 = Release|Win32
	EndGlobalSection
	GlobalSection(SolutionProperties) = preSolution
		HideSolutionNode = FALSE
	EndGlobalSection
	GlobalSection(ExtensibilityGlobals) = postSolution
		SolutionGuid = {6EDE7C1E-CCF0-43A5-9DA6-A538AC8FBF5D}
	EndGlobalSection
EndGlobal
