
Microsoft Visual Studio Solution File, Format Version 12.00
# Visual Studio 15
VisualStudioVersion = 15.0.27130.2003
MinimumVisualStudioVersion = 10.0.40219.1
Project("{8BC9CEB8-8B4A-11D0-8D11-00A0C91BC942}") = "5.6", "5.6\5.6.vcxproj", "{CFE195DA-5E29-422B-B9E6-F22FF5D597F1}"
EndProject
Global
	GlobalSection(SolutionConfigurationPlatforms) = preSolution
		Debug|x64 = Debug|x64
		Debug|x86 = Debug|x86
		Release|x64 = Release|x64
		Release|x86 = Release|x86
	EndGlobalSection
	GlobalSection(ProjectConfigurationPlatforms) = postSolution
		{CFE195DA-5E29-422B-B9E6-F22FF5D597F1}.Debug|x64.ActiveCfg = Debug|x64
		{CFE195DA-5E29-422B-B9E6-F22FF5D597F1}.Debug|x64.Build.0 = Debug|x64
		{CFE195DA-5E29-422B-B9E6-F22FF5D597F1}.Debug|x86.ActiveCfg = Debug|Win32
		{CFE195DA-5E29-422B-B9E6-F22FF5D597F1}.Debug|x86.Build.0 = Debug|Win32
		{CFE195DA-5E29-422B-B9E6-F22FF5D597F1}.Release|x64.ActiveCfg = Release|x64
		{CFE195DA-5E29-422B-B9E6-F22FF5D597F1}.Release|x64.Build.0 = Release|x64
		{CFE195DA-5E29-422B-B9E6-F22FF5D597F1}.Release|x86.ActiveCfg = Release|Win32
		{CFE195DA-5E29-422B-B9E6-F22FF5D597F1}.Release|x86.Build.0 = Release|Win32
	EndGlobalSection
	GlobalSection(SolutionProperties) = preSolution
		HideSolutionNode = FALSE
	EndGlobalSection
	GlobalSection(ExtensibilityGlobals) = postSolution
		SolutionGuid = {62751F63-2931-4B5E-8D22-E54539F57652}
	EndGlobalSection
EndGlobal
