
Microsoft Visual Studio Solution File, Format Version 12.00
# Visual Studio 15
VisualStudioVersion = 15.0.27004.2009
MinimumVisualStudioVersion = 10.0.40219.1
Project("{8BC9CEB8-8B4A-11D0-8D11-00A0C91BC942}") = "14.2", "14.2\14.2.vcxproj", "{FB5A9BCF-E28E-4266-B776-8D6D482B9839}"
EndProject
Global
	GlobalSection(SolutionConfigurationPlatforms) = preSolution
		Debug|x64 = Debug|x64
		Debug|x86 = Debug|x86
		Release|x64 = Release|x64
		Release|x86 = Release|x86
	EndGlobalSection
	GlobalSection(ProjectConfigurationPlatforms) = postSolution
		{FB5A9BCF-E28E-4266-B776-8D6D482B9839}.Debug|x64.ActiveCfg = Debug|x64
		{FB5A9BCF-E28E-4266-B776-8D6D482B9839}.Debug|x64.Build.0 = Debug|x64
		{FB5A9BCF-E28E-4266-B776-8D6D482B9839}.Debug|x86.ActiveCfg = Debug|Win32
		{FB5A9BCF-E28E-4266-B776-8D6D482B9839}.Debug|x86.Build.0 = Debug|Win32
		{FB5A9BCF-E28E-4266-B776-8D6D482B9839}.Release|x64.ActiveCfg = Release|x64
		{FB5A9BCF-E28E-4266-B776-8D6D482B9839}.Release|x64.Build.0 = Release|x64
		{FB5A9BCF-E28E-4266-B776-8D6D482B9839}.Release|x86.ActiveCfg = Release|Win32
		{FB5A9BCF-E28E-4266-B776-8D6D482B9839}.Release|x86.Build.0 = Release|Win32
	EndGlobalSection
	GlobalSection(SolutionProperties) = preSolution
		HideSolutionNode = FALSE
	EndGlobalSection
	GlobalSection(ExtensibilityGlobals) = postSolution
		SolutionGuid = {56AA9950-F5EC-4825-8829-235DF6A3235A}
	EndGlobalSection
EndGlobal
