
Microsoft Visual Studio Solution File, Format Version 12.00
# Visual Studio 15
VisualStudioVersion = 15.0.27004.2009
MinimumVisualStudioVersion = 10.0.40219.1
Project("{8BC9CEB8-8B4A-11D0-8D11-00A0C91BC942}") = "2.7", "2.7\2.7.vcxproj", "{6DE5A5B4-1C18-4846-AC5B-F3A8C1443F12}"
EndProject
Global
	GlobalSection(SolutionConfigurationPlatforms) = preSolution
		Debug|x64 = Debug|x64
		Debug|x86 = Debug|x86
		Release|x64 = Release|x64
		Release|x86 = Release|x86
	EndGlobalSection
	GlobalSection(ProjectConfigurationPlatforms) = postSolution
		{6DE5A5B4-1C18-4846-AC5B-F3A8C1443F12}.Debug|x64.ActiveCfg = Debug|x64
		{6DE5A5B4-1C18-4846-AC5B-F3A8C1443F12}.Debug|x64.Build.0 = Debug|x64
		{6DE5A5B4-1C18-4846-AC5B-F3A8C1443F12}.Debug|x86.ActiveCfg = Debug|Win32
		{6DE5A5B4-1C18-4846-AC5B-F3A8C1443F12}.Debug|x86.Build.0 = Debug|Win32
		{6DE5A5B4-1C18-4846-AC5B-F3A8C1443F12}.Release|x64.ActiveCfg = Release|x64
		{6DE5A5B4-1C18-4846-AC5B-F3A8C1443F12}.Release|x64.Build.0 = Release|x64
		{6DE5A5B4-1C18-4846-AC5B-F3A8C1443F12}.Release|x86.ActiveCfg = Release|Win32
		{6DE5A5B4-1C18-4846-AC5B-F3A8C1443F12}.Release|x86.Build.0 = Release|Win32
	EndGlobalSection
	GlobalSection(SolutionProperties) = preSolution
		HideSolutionNode = FALSE
	EndGlobalSection
	GlobalSection(ExtensibilityGlobals) = postSolution
		SolutionGuid = {2D543DFA-7F71-4710-8CE0-06AA6E69DC7C}
	EndGlobalSection
EndGlobal
